
Microsoft Visual Studio Solution File, Format Version 12.00
# Visual Studio Version 16
VisualStudioVersion = 16.0.29020.237
MinimumVisualStudioVersion = 10.0.40219.1
Project("{FAE04EC0-301F-11D3-BF4B-00C04F79EFBC}") = "Assembly", "Assembly\Assembly.csproj", "{08A49F5E-4CB3-4972-B39B-E7CA5F67E8F8}"
EndProject
Project("{FAE04EC0-301F-11D3-BF4B-00C04F79EFBC}") = "SampleClass", "SampleClass\SampleClass.csproj", "{30537AE6-E9CC-4781-9703-60431A44992D}"
EndProject
Global
	GlobalSection(SolutionConfigurationPlatforms) = preSolution
		Debug|Any CPU = Debug|Any CPU
		Release|Any CPU = Release|Any CPU
	EndGlobalSection
	GlobalSection(ProjectConfigurationPlatforms) = postSolution
		{08A49F5E-4CB3-4972-B39B-E7CA5F67E8F8}.Debug|Any CPU.ActiveCfg = Debug|Any CPU
		{08A49F5E-4CB3-4972-B39B-E7CA5F67E8F8}.Debug|Any CPU.Build.0 = Debug|Any CPU
		{08A49F5E-4CB3-4972-B39B-E7CA5F67E8F8}.Release|Any CPU.ActiveCfg = Release|Any CPU
		{08A49F5E-4CB3-4972-B39B-E7CA5F67E8F8}.Release|Any CPU.Build.0 = Release|Any CPU
		{30537AE6-E9CC-4781-9703-60431A44992D}.Debug|Any CPU.ActiveCfg = Debug|Any CPU
		{30537AE6-E9CC-4781-9703-60431A44992D}.Debug|Any CPU.Build.0 = Debug|Any CPU
		{30537AE6-E9CC-4781-9703-60431A44992D}.Release|Any CPU.ActiveCfg = Release|Any CPU
		{30537AE6-E9CC-4781-9703-60431A44992D}.Release|Any CPU.Build.0 = Release|Any CPU
	EndGlobalSection
	GlobalSection(SolutionProperties) = preSolution
		HideSolutionNode = FALSE
	EndGlobalSection
	GlobalSection(ExtensibilityGlobals) = postSolution
		SolutionGuid = {D814D886-EAE9-4C7E-A77B-5BD041DA16C0}
	EndGlobalSection
EndGlobal
